
Microsoft Visual Studio Solution File, Format Version 12.00
# Visual Studio Version 16
VisualStudioVersion = 16.0.31624.102
MinimumVisualStudioVersion = 10.0.40219.1
Project("{FAE04EC0-301F-11D3-BF4B-00C04F79EFBC}") = "Class_work_from_pdf", "Class_work_from_pdf\Class_work_from_pdf.csproj", "{9DFF09B0-DD48-4534-B860-5F3301334F70}"
EndProject
Project("{FAE04EC0-301F-11D3-BF4B-00C04F79EFBC}") = "Lab_1", "Lab_1\Lab_1.csproj", "{E83B951A-8C4F-4515-A106-199F82BECE39}"
EndProject
Global
	GlobalSection(SolutionConfigurationPlatforms) = preSolution
		Debug|Any CPU = Debug|Any CPU
		Release|Any CPU = Release|Any CPU
	EndGlobalSection
	GlobalSection(ProjectConfigurationPlatforms) = postSolution
		{9DFF09B0-DD48-4534-B860-5F3301334F70}.Debug|Any CPU.ActiveCfg = Debug|Any CPU
		{9DFF09B0-DD48-4534-B860-5F3301334F70}.Debug|Any CPU.Build.0 = Debug|Any CPU
		{9DFF09B0-DD48-4534-B860-5F3301334F70}.Release|Any CPU.ActiveCfg = Release|Any CPU
		{9DFF09B0-DD48-4534-B860-5F3301334F70}.Release|Any CPU.Build.0 = Release|Any CPU
		{E83B951A-8C4F-4515-A106-199F82BECE39}.Debug|Any CPU.ActiveCfg = Debug|Any CPU
		{E83B951A-8C4F-4515-A106-199F82BECE39}.Debug|Any CPU.Build.0 = Debug|Any CPU
		{E83B951A-8C4F-4515-A106-199F82BECE39}.Release|Any CPU.ActiveCfg = Release|Any CPU
		{E83B951A-8C4F-4515-A106-199F82BECE39}.Release|Any CPU.Build.0 = Release|Any CPU
	EndGlobalSection
	GlobalSection(SolutionProperties) = preSolution
		HideSolutionNode = FALSE
	EndGlobalSection
	GlobalSection(ExtensibilityGlobals) = postSolution
		SolutionGuid = {F74A91BD-1401-4D1C-82C2-BBE9C5672AC4}
	EndGlobalSection
EndGlobal
